
Microsoft Visual Studio Solution File, Format Version 12.00
# Visual Studio 15
VisualStudioVersion = 15.0.27703.2047
MinimumVisualStudioVersion = 10.0.40219.1
Project("{9A19103F-16F7-4668-BE54-9A1E7A4F7556}") = "Agenda.API", "Agenda.API\Agenda.API.csproj", "{BD3008BB-FD58-43CA-B045-AAA0CBD1DEB0}"
EndProject
Project("{9A19103F-16F7-4668-BE54-9A1E7A4F7556}") = "Agenda.Global", "Agenda.Global\Agenda.Global.csproj", "{815B3A51-A69E-40F6-B3C9-0806A2E0B51F}"
EndProject
Project("{9A19103F-16F7-4668-BE54-9A1E7A4F7556}") = "Agenda.Migrations", "Agenda.Migrations\Agenda.Migrations.csproj", "{65F53245-2BBC-4595-A515-D1651824B026}"
EndProject
Project("{9A19103F-16F7-4668-BE54-9A1E7A4F7556}") = "Agenda.Negocios", "Agenda.Negocios\Agenda.Negocios.csproj", "{109F1102-1D6E-4F72-ABED-32E26877B539}"
EndProject
Project("{9A19103F-16F7-4668-BE54-9A1E7A4F7556}") = "Agenda.WebApp", "Agenda.WebApp\Agenda.WebApp.csproj", "{3F088FC6-67D6-489E-A6BF-50B885F5CA7B}"
EndProject
Global
	GlobalSection(SolutionConfigurationPlatforms) = preSolution
		Debug|Any CPU = Debug|Any CPU
		Release|Any CPU = Release|Any CPU
	EndGlobalSection
	GlobalSection(ProjectConfigurationPlatforms) = postSolution
		{BD3008BB-FD58-43CA-B045-AAA0CBD1DEB0}.Debug|Any CPU.ActiveCfg = Debug|Any CPU
		{BD3008BB-FD58-43CA-B045-AAA0CBD1DEB0}.Debug|Any CPU.Build.0 = Debug|Any CPU
		{BD3008BB-FD58-43CA-B045-AAA0CBD1DEB0}.Release|Any CPU.ActiveCfg = Release|Any CPU
		{BD3008BB-FD58-43CA-B045-AAA0CBD1DEB0}.Release|Any CPU.Build.0 = Release|Any CPU
		{815B3A51-A69E-40F6-B3C9-0806A2E0B51F}.Debug|Any CPU.ActiveCfg = Debug|Any CPU
		{815B3A51-A69E-40F6-B3C9-0806A2E0B51F}.Debug|Any CPU.Build.0 = Debug|Any CPU
		{815B3A51-A69E-40F6-B3C9-0806A2E0B51F}.Release|Any CPU.ActiveCfg = Release|Any CPU
		{815B3A51-A69E-40F6-B3C9-0806A2E0B51F}.Release|Any CPU.Build.0 = Release|Any CPU
		{65F53245-2BBC-4595-A515-D1651824B026}.Debug|Any CPU.ActiveCfg = Debug|Any CPU
		{65F53245-2BBC-4595-A515-D1651824B026}.Debug|Any CPU.Build.0 = Debug|Any CPU
		{65F53245-2BBC-4595-A515-D1651824B026}.Release|Any CPU.ActiveCfg = Release|Any CPU
		{65F53245-2BBC-4595-A515-D1651824B026}.Release|Any CPU.Build.0 = Release|Any CPU
		{109F1102-1D6E-4F72-ABED-32E26877B539}.Debug|Any CPU.ActiveCfg = Debug|Any CPU
		{109F1102-1D6E-4F72-ABED-32E26877B539}.Debug|Any CPU.Build.0 = Debug|Any CPU
		{109F1102-1D6E-4F72-ABED-32E26877B539}.Release|Any CPU.ActiveCfg = Release|Any CPU
		{109F1102-1D6E-4F72-ABED-32E26877B539}.Release|Any CPU.Build.0 = Release|Any CPU
		{3F088FC6-67D6-489E-A6BF-50B885F5CA7B}.Debug|Any CPU.ActiveCfg = Debug|Any CPU
		{3F088FC6-67D6-489E-A6BF-50B885F5CA7B}.Debug|Any CPU.Build.0 = Debug|Any CPU
		{3F088FC6-67D6-489E-A6BF-50B885F5CA7B}.Release|Any CPU.ActiveCfg = Release|Any CPU
		{3F088FC6-67D6-489E-A6BF-50B885F5CA7B}.Release|Any CPU.Build.0 = Release|Any CPU
	EndGlobalSection
	GlobalSection(SolutionProperties) = preSolution
		HideSolutionNode = FALSE
	EndGlobalSection
	GlobalSection(ExtensibilityGlobals) = postSolution
		SolutionGuid = {7F55940D-CD30-4888-A536-1C284BDE5BE8}
	EndGlobalSection
EndGlobal
